
Microsoft Visual Studio Solution File, Format Version 12.00
# Visual Studio 15
VisualStudioVersion = 15.0.26124.0
MinimumVisualStudioVersion = 15.0.26124.0
Project("{FAE04EC0-301F-11D3-BF4B-00C04F79EFBC}") = "ObserverPattern", "ObserverPattern\ObserverPattern.csproj", "{E9FBC1FB-201E-452A-A01B-1CB748BEFB76}"
EndProject
Project("{FAE04EC0-301F-11D3-BF4B-00C04F79EFBC}") = "ObserverPatternApplication", "ObserverPatternApplication\ObserverPatternApplication.csproj", "{42338FAA-069D-4F7C-8F9F-4C7188A1ECCC}"
EndProject
Global
	GlobalSection(SolutionConfigurationPlatforms) = preSolution
		Debug|Any CPU = Debug|Any CPU
		Debug|x64 = Debug|x64
		Debug|x86 = Debug|x86
		Release|Any CPU = Release|Any CPU
		Release|x64 = Release|x64
		Release|x86 = Release|x86
	EndGlobalSection
	GlobalSection(SolutionProperties) = preSolution
		HideSolutionNode = FALSE
	EndGlobalSection
	GlobalSection(ProjectConfigurationPlatforms) = postSolution
		{E9FBC1FB-201E-452A-A01B-1CB748BEFB76}.Debug|Any CPU.ActiveCfg = Debug|Any CPU
		{E9FBC1FB-201E-452A-A01B-1CB748BEFB76}.Debug|Any CPU.Build.0 = Debug|Any CPU
		{E9FBC1FB-201E-452A-A01B-1CB748BEFB76}.Debug|x64.ActiveCfg = Debug|Any CPU
		{E9FBC1FB-201E-452A-A01B-1CB748BEFB76}.Debug|x64.Build.0 = Debug|Any CPU
		{E9FBC1FB-201E-452A-A01B-1CB748BEFB76}.Debug|x86.ActiveCfg = Debug|Any CPU
		{E9FBC1FB-201E-452A-A01B-1CB748BEFB76}.Debug|x86.Build.0 = Debug|Any CPU
		{E9FBC1FB-201E-452A-A01B-1CB748BEFB76}.Release|Any CPU.ActiveCfg = Release|Any CPU
		{E9FBC1FB-201E-452A-A01B-1CB748BEFB76}.Release|Any CPU.Build.0 = Release|Any CPU
		{E9FBC1FB-201E-452A-A01B-1CB748BEFB76}.Release|x64.ActiveCfg = Release|Any CPU
		{E9FBC1FB-201E-452A-A01B-1CB748BEFB76}.Release|x64.Build.0 = Release|Any CPU
		{E9FBC1FB-201E-452A-A01B-1CB748BEFB76}.Release|x86.ActiveCfg = Release|Any CPU
		{E9FBC1FB-201E-452A-A01B-1CB748BEFB76}.Release|x86.Build.0 = Release|Any CPU
		{42338FAA-069D-4F7C-8F9F-4C7188A1ECCC}.Debug|Any CPU.ActiveCfg = Debug|Any CPU
		{42338FAA-069D-4F7C-8F9F-4C7188A1ECCC}.Debug|Any CPU.Build.0 = Debug|Any CPU
		{42338FAA-069D-4F7C-8F9F-4C7188A1ECCC}.Debug|x64.ActiveCfg = Debug|Any CPU
		{42338FAA-069D-4F7C-8F9F-4C7188A1ECCC}.Debug|x64.Build.0 = Debug|Any CPU
		{42338FAA-069D-4F7C-8F9F-4C7188A1ECCC}.Debug|x86.ActiveCfg = Debug|Any CPU
		{42338FAA-069D-4F7C-8F9F-4C7188A1ECCC}.Debug|x86.Build.0 = Debug|Any CPU
		{42338FAA-069D-4F7C-8F9F-4C7188A1ECCC}.Release|Any CPU.ActiveCfg = Release|Any CPU
		{42338FAA-069D-4F7C-8F9F-4C7188A1ECCC}.Release|Any CPU.Build.0 = Release|Any CPU
		{42338FAA-069D-4F7C-8F9F-4C7188A1ECCC}.Release|x64.ActiveCfg = Release|Any CPU
		{42338FAA-069D-4F7C-8F9F-4C7188A1ECCC}.Release|x64.Build.0 = Release|Any CPU
		{42338FAA-069D-4F7C-8F9F-4C7188A1ECCC}.Release|x86.ActiveCfg = Release|Any CPU
		{42338FAA-069D-4F7C-8F9F-4C7188A1ECCC}.Release|x86.Build.0 = Release|Any CPU
	EndGlobalSection
EndGlobal
